
Microsoft Visual Studio Solution File, Format Version 12.00
# Visual Studio Version 17
VisualStudioVersion = 17.10.34818.151
MinimumVisualStudioVersion = 10.0.40219.1
Project("{2150E333-8FDC-42A3-9474-1A3956D46DE8}") = "Movies", "Movies", "{25139054-BF0C-4A05-B921-E53C06ED4C62}"
EndProject
Project("{9A19103F-16F7-4668-BE54-9A1E7A4F7556}") = "MMMovies.Movies", "src\MMMovies.Movies\MMMovies.Movies.csproj", "{3B0D9861-161A-468C-B016-BC5730654037}"
EndProject
Project("{9A19103F-16F7-4668-BE54-9A1E7A4F7556}") = "MMMovies.Movies.Contracts", "src\MMMovies.Movies.Contracts\MMMovies.Movies.Contracts.csproj", "{BC070A16-7F11-4188-BAC0-F6CE6CE3A01B}"
EndProject
Project("{9A19103F-16F7-4668-BE54-9A1E7A4F7556}") = "MMMovies.Api", "src\MMMovies.Api\MMMovies.Api.csproj", "{E29FD617-05CB-425F-9D67-96D36E07F1F7}"
	ProjectSection(ProjectDependencies) = postProject
		{3B0D9861-161A-468C-B016-BC5730654037} = {3B0D9861-161A-468C-B016-BC5730654037}
	EndProjectSection
EndProject
Project("{2150E333-8FDC-42A3-9474-1A3956D46DE8}") = "Users", "Users", "{52BBE9E5-3C08-442F-9170-4B35EBDA803E}"
EndProject
Project("{9A19103F-16F7-4668-BE54-9A1E7A4F7556}") = "MMMovies.Users", "src\MMMovies.Users\MMMovies.Users.csproj", "{D846EE9A-563F-4A0C-8B45-0C0B9E1F739B}"
EndProject
Project("{9A19103F-16F7-4668-BE54-9A1E7A4F7556}") = "MMMovies.Users.Contracts", "src\MMMovies.Users.Contracts\MMMovies.Users.Contracts.csproj", "{6D5F45A8-B6D3-4F4B-AA9B-20FE37231A7A}"
EndProject
Project("{2150E333-8FDC-42A3-9474-1A3956D46DE8}") = "Shared", "Shared", "{4BF1F6AE-D9DA-46E2-B126-E5920BE37339}"
EndProject
Project("{9A19103F-16F7-4668-BE54-9A1E7A4F7556}") = "MMMovies.SharedKernel", "src\MMMovies.SharedKernel\MMMovies.SharedKernel.csproj", "{70439A58-AA53-4F3B-AE73-79D783B6C3CF}"
EndProject
Project("{2150E333-8FDC-42A3-9474-1A3956D46DE8}") = "OrderProcessing", "OrderProcessing", "{90084AE5-A2FF-41D6-9FE9-52517844E5A9}"
EndProject
Project("{FAE04EC0-301F-11D3-BF4B-00C04F79EFBC}") = "MMMovies.OrderProcessing", "src\MMMovies.OrderProcessing\MMMovies.OrderProcessing.csproj", "{4D9BB806-36D5-43E9-9100-FE1E44C2DA8C}"
EndProject
Project("{FAE04EC0-301F-11D3-BF4B-00C04F79EFBC}") = "MMMovies.OrderProcessing.Contracts", "src\MMMovies.OrderProcessing.Contracts\MMMovies.OrderProcessing.Contracts.csproj", "{24FF663A-06F4-4154-B379-6E7BBBBB0634}"
EndProject
Project("{2150E333-8FDC-42A3-9474-1A3956D46DE8}") = "EmailSending", "EmailSending", "{D2DCFA40-AFA6-47E0-B54F-294C94054FAC}"
EndProject
Project("{FAE04EC0-301F-11D3-BF4B-00C04F79EFBC}") = "MMMovies.EmailSending", "src\MMMovies.EmailSending\MMMovies.EmailSending.csproj", "{F2FF3C69-EE29-4389-A2E6-1EDDD8C4B4B8}"
EndProject
Project("{FAE04EC0-301F-11D3-BF4B-00C04F79EFBC}") = "MMMovies.EmailSending.Contracts", "src\MMMovies.EmailSending.Contracts\MMMovies.EmailSending.Contracts.csproj", "{0C73585F-5A42-41AA-987D-EFF69A718F04}"
EndProject
Global
	GlobalSection(SolutionConfigurationPlatforms) = preSolution
		Debug|Any CPU = Debug|Any CPU
		Release|Any CPU = Release|Any CPU
	EndGlobalSection
	GlobalSection(ProjectConfigurationPlatforms) = postSolution
		{3B0D9861-161A-468C-B016-BC5730654037}.Debug|Any CPU.ActiveCfg = Debug|Any CPU
		{3B0D9861-161A-468C-B016-BC5730654037}.Debug|Any CPU.Build.0 = Debug|Any CPU
		{3B0D9861-161A-468C-B016-BC5730654037}.Release|Any CPU.ActiveCfg = Release|Any CPU
		{3B0D9861-161A-468C-B016-BC5730654037}.Release|Any CPU.Build.0 = Release|Any CPU
		{BC070A16-7F11-4188-BAC0-F6CE6CE3A01B}.Debug|Any CPU.ActiveCfg = Debug|Any CPU
		{BC070A16-7F11-4188-BAC0-F6CE6CE3A01B}.Debug|Any CPU.Build.0 = Debug|Any CPU
		{BC070A16-7F11-4188-BAC0-F6CE6CE3A01B}.Release|Any CPU.ActiveCfg = Release|Any CPU
		{BC070A16-7F11-4188-BAC0-F6CE6CE3A01B}.Release|Any CPU.Build.0 = Release|Any CPU
		{E29FD617-05CB-425F-9D67-96D36E07F1F7}.Debug|Any CPU.ActiveCfg = Debug|Any CPU
		{E29FD617-05CB-425F-9D67-96D36E07F1F7}.Debug|Any CPU.Build.0 = Debug|Any CPU
		{E29FD617-05CB-425F-9D67-96D36E07F1F7}.Release|Any CPU.ActiveCfg = Release|Any CPU
		{E29FD617-05CB-425F-9D67-96D36E07F1F7}.Release|Any CPU.Build.0 = Release|Any CPU
		{D846EE9A-563F-4A0C-8B45-0C0B9E1F739B}.Debug|Any CPU.ActiveCfg = Debug|Any CPU
		{D846EE9A-563F-4A0C-8B45-0C0B9E1F739B}.Debug|Any CPU.Build.0 = Debug|Any CPU
		{D846EE9A-563F-4A0C-8B45-0C0B9E1F739B}.Release|Any CPU.ActiveCfg = Release|Any CPU
		{D846EE9A-563F-4A0C-8B45-0C0B9E1F739B}.Release|Any CPU.Build.0 = Release|Any CPU
		{6D5F45A8-B6D3-4F4B-AA9B-20FE37231A7A}.Debug|Any CPU.ActiveCfg = Debug|Any CPU
		{6D5F45A8-B6D3-4F4B-AA9B-20FE37231A7A}.Debug|Any CPU.Build.0 = Debug|Any CPU
		{6D5F45A8-B6D3-4F4B-AA9B-20FE37231A7A}.Release|Any CPU.ActiveCfg = Release|Any CPU
		{6D5F45A8-B6D3-4F4B-AA9B-20FE37231A7A}.Release|Any CPU.Build.0 = Release|Any CPU
		{70439A58-AA53-4F3B-AE73-79D783B6C3CF}.Debug|Any CPU.ActiveCfg = Debug|Any CPU
		{70439A58-AA53-4F3B-AE73-79D783B6C3CF}.Debug|Any CPU.Build.0 = Debug|Any CPU
		{70439A58-AA53-4F3B-AE73-79D783B6C3CF}.Release|Any CPU.ActiveCfg = Release|Any CPU
		{70439A58-AA53-4F3B-AE73-79D783B6C3CF}.Release|Any CPU.Build.0 = Release|Any CPU
		{4D9BB806-36D5-43E9-9100-FE1E44C2DA8C}.Debug|Any CPU.ActiveCfg = Debug|Any CPU
		{4D9BB806-36D5-43E9-9100-FE1E44C2DA8C}.Debug|Any CPU.Build.0 = Debug|Any CPU
		{4D9BB806-36D5-43E9-9100-FE1E44C2DA8C}.Release|Any CPU.ActiveCfg = Release|Any CPU
		{4D9BB806-36D5-43E9-9100-FE1E44C2DA8C}.Release|Any CPU.Build.0 = Release|Any CPU
		{24FF663A-06F4-4154-B379-6E7BBBBB0634}.Debug|Any CPU.ActiveCfg = Debug|Any CPU
		{24FF663A-06F4-4154-B379-6E7BBBBB0634}.Debug|Any CPU.Build.0 = Debug|Any CPU
		{24FF663A-06F4-4154-B379-6E7BBBBB0634}.Release|Any CPU.ActiveCfg = Release|Any CPU
		{24FF663A-06F4-4154-B379-6E7BBBBB0634}.Release|Any CPU.Build.0 = Release|Any CPU
		{F2FF3C69-EE29-4389-A2E6-1EDDD8C4B4B8}.Debug|Any CPU.ActiveCfg = Debug|Any CPU
		{F2FF3C69-EE29-4389-A2E6-1EDDD8C4B4B8}.Debug|Any CPU.Build.0 = Debug|Any CPU
		{F2FF3C69-EE29-4389-A2E6-1EDDD8C4B4B8}.Release|Any CPU.ActiveCfg = Release|Any CPU
		{F2FF3C69-EE29-4389-A2E6-1EDDD8C4B4B8}.Release|Any CPU.Build.0 = Release|Any CPU
		{0C73585F-5A42-41AA-987D-EFF69A718F04}.Debug|Any CPU.ActiveCfg = Debug|Any CPU
		{0C73585F-5A42-41AA-987D-EFF69A718F04}.Debug|Any CPU.Build.0 = Debug|Any CPU
		{0C73585F-5A42-41AA-987D-EFF69A718F04}.Release|Any CPU.ActiveCfg = Release|Any CPU
		{0C73585F-5A42-41AA-987D-EFF69A718F04}.Release|Any CPU.Build.0 = Release|Any CPU
	EndGlobalSection
	GlobalSection(SolutionProperties) = preSolution
		HideSolutionNode = FALSE
	EndGlobalSection
	GlobalSection(NestedProjects) = preSolution
		{3B0D9861-161A-468C-B016-BC5730654037} = {25139054-BF0C-4A05-B921-E53C06ED4C62}
		{BC070A16-7F11-4188-BAC0-F6CE6CE3A01B} = {25139054-BF0C-4A05-B921-E53C06ED4C62}
		{D846EE9A-563F-4A0C-8B45-0C0B9E1F739B} = {52BBE9E5-3C08-442F-9170-4B35EBDA803E}
		{6D5F45A8-B6D3-4F4B-AA9B-20FE37231A7A} = {52BBE9E5-3C08-442F-9170-4B35EBDA803E}
		{70439A58-AA53-4F3B-AE73-79D783B6C3CF} = {4BF1F6AE-D9DA-46E2-B126-E5920BE37339}
		{4D9BB806-36D5-43E9-9100-FE1E44C2DA8C} = {90084AE5-A2FF-41D6-9FE9-52517844E5A9}
		{24FF663A-06F4-4154-B379-6E7BBBBB0634} = {90084AE5-A2FF-41D6-9FE9-52517844E5A9}
		{F2FF3C69-EE29-4389-A2E6-1EDDD8C4B4B8} = {D2DCFA40-AFA6-47E0-B54F-294C94054FAC}
		{0C73585F-5A42-41AA-987D-EFF69A718F04} = {D2DCFA40-AFA6-47E0-B54F-294C94054FAC}
	EndGlobalSection
	GlobalSection(ExtensibilityGlobals) = postSolution
		SolutionGuid = {F12F597C-04D5-42C1-9C12-AB4C14C2A41D}
	EndGlobalSection
EndGlobal
